// !$*UTF8*$!
{
	archiveVersion = 1;
	classes = {
	};
	objectVersion = 55;
	objects = {

/* Begin PBXBuildFile section */
		0391DD535617EAC93CEECE08 /* Pods_RecipeAppTests.framework in Frameworks */ = {isa = PBXBuildFile; fileRef = 248C9A41F524857F2911506E /* Pods_RecipeAppTests.framework */; };
		0629C3E927A7F1EB008F3A04 /* NetworkRecipesRepository.swift in Sources */ = {isa = PBXBuildFile; fileRef = 0629C3E827A7F1EB008F3A04 /* NetworkRecipesRepository.swift */; };
		0629C3EB27A8160D008F3A04 /* NetworkCollectionsRepository.swift in Sources */ = {isa = PBXBuildFile; fileRef = 0629C3EA27A8160D008F3A04 /* NetworkCollectionsRepository.swift */; };
		0629C3F027A8296F008F3A04 /* LocalCollectionsRepository.swift in Sources */ = {isa = PBXBuildFile; fileRef = 0629C3EF27A8296F008F3A04 /* LocalCollectionsRepository.swift */; };
		0629C3F227A8297E008F3A04 /* LocalRecipesRepository.swift in Sources */ = {isa = PBXBuildFile; fileRef = 0629C3F127A8297E008F3A04 /* LocalRecipesRepository.swift */; };
		0629C3F727A831ED008F3A04 /* CollectionRecipes.json in Resources */ = {isa = PBXBuildFile; fileRef = 0629C3F627A831ED008F3A04 /* CollectionRecipes.json */; };
		0629C3F827A831ED008F3A04 /* CollectionRecipes.json in Resources */ = {isa = PBXBuildFile; fileRef = 0629C3F627A831ED008F3A04 /* CollectionRecipes.json */; };
		0629C3FA27A8328F008F3A04 /* CollectionRecipesTests.swift in Sources */ = {isa = PBXBuildFile; fileRef = 0629C3F927A8328F008F3A04 /* CollectionRecipesTests.swift */; };
		29C7FD2F06205CDFD6013745 /* Pods_RecipeApp_RecipeAppUITests.framework in Frameworks */ = {isa = PBXBuildFile; fileRef = 8A27C7E33677A40DAF9038A2 /* Pods_RecipeApp_RecipeAppUITests.framework */; };
		A354D88DAEF126707EA33FE9 /* Pods_RecipeApp.framework in Frameworks */ = {isa = PBXBuildFile; fileRef = DF98B800D185F8A4EBC4BB75 /* Pods_RecipeApp.framework */; };
		C386092627A08000006A98B6 /* AppDelegate.swift in Sources */ = {isa = PBXBuildFile; fileRef = C386092527A08000006A98B6 /* AppDelegate.swift */; };
		C386092827A08000006A98B6 /* SceneDelegate.swift in Sources */ = {isa = PBXBuildFile; fileRef = C386092727A08000006A98B6 /* SceneDelegate.swift */; };
		C386092D27A08000006A98B6 /* Main.storyboard in Resources */ = {isa = PBXBuildFile; fileRef = C386092B27A08000006A98B6 /* Main.storyboard */; };
		C386092F27A08002006A98B6 /* Assets.xcassets in Resources */ = {isa = PBXBuildFile; fileRef = C386092E27A08002006A98B6 /* Assets.xcassets */; };
		C386093227A08002006A98B6 /* LaunchScreen.storyboard in Resources */ = {isa = PBXBuildFile; fileRef = C386093027A08002006A98B6 /* LaunchScreen.storyboard */; };
		C386094727A08002006A98B6 /* RecipeAppUITests.swift in Sources */ = {isa = PBXBuildFile; fileRef = C386094627A08002006A98B6 /* RecipeAppUITests.swift */; };
		C386094927A08002006A98B6 /* RecipeAppUITestsLaunchTests.swift in Sources */ = {isa = PBXBuildFile; fileRef = C386094827A08002006A98B6 /* RecipeAppUITestsLaunchTests.swift */; };
		C386095A27A08261006A98B6 /* Constants.swift in Sources */ = {isa = PBXBuildFile; fileRef = C386095927A08261006A98B6 /* Constants.swift */; };
		C398F46B27A4676600819C39 /* RecipeView.xib in Resources */ = {isa = PBXBuildFile; fileRef = C398F46A27A4676600819C39 /* RecipeView.xib */; };
		C398F46D27A4677500819C39 /* RecipeView.swift in Sources */ = {isa = PBXBuildFile; fileRef = C398F46C27A4677500819C39 /* RecipeView.swift */; };
		C398F47127A46A5500819C39 /* RecipesCollectionViewCell.swift in Sources */ = {isa = PBXBuildFile; fileRef = C398F47027A46A5500819C39 /* RecipesCollectionViewCell.swift */; };
		C398F47327A55E8700819C39 /* RecipesViewController.swift in Sources */ = {isa = PBXBuildFile; fileRef = C398F47227A55E8700819C39 /* RecipesViewController.swift */; };
		C398F47527A5646500819C39 /* BaseViewModel.swift in Sources */ = {isa = PBXBuildFile; fileRef = C398F47427A5646500819C39 /* BaseViewModel.swift */; };
		C398F48927A719BB00819C39 /* CollectionsTests.swift in Sources */ = {isa = PBXBuildFile; fileRef = C398F48827A719BB00819C39 /* CollectionsTests.swift */; };
		C398F48C27A71B5500819C39 /* Collections.json in Resources */ = {isa = PBXBuildFile; fileRef = C398F48127A717B500819C39 /* Collections.json */; };
		C398F49027A71F9F00819C39 /* Collections.json in Resources */ = {isa = PBXBuildFile; fileRef = C398F48127A717B500819C39 /* Collections.json */; };
		C398F49227A725B100819C39 /* NetworkError.swift in Sources */ = {isa = PBXBuildFile; fileRef = C398F49127A725B100819C39 /* NetworkError.swift */; };
		C398F49427A725E400819C39 /* BundleExtension.swift in Sources */ = {isa = PBXBuildFile; fileRef = C398F49327A725E400819C39 /* BundleExtension.swift */; };
		C398F49827A72E6500819C39 /* Recipes.json in Resources */ = {isa = PBXBuildFile; fileRef = C398F49727A72E6000819C39 /* Recipes.json */; };
		C398F49927A72E6600819C39 /* Recipes.json in Resources */ = {isa = PBXBuildFile; fileRef = C398F49727A72E6000819C39 /* Recipes.json */; };
		C398F49B27A7300F00819C39 /* RecipesTests.swift in Sources */ = {isa = PBXBuildFile; fileRef = C398F49A27A7300F00819C39 /* RecipesTests.swift */; };
		C3C85A1527A3005900FFF6C4 /* NetworkManager.swift in Sources */ = {isa = PBXBuildFile; fileRef = C3C85A1427A3005900FFF6C4 /* NetworkManager.swift */; };
		C3C85A1727A3017B00FFF6C4 /* Recipe.swift in Sources */ = {isa = PBXBuildFile; fileRef = C3C85A1627A3017B00FFF6C4 /* Recipe.swift */; };
		C3C85A1927A3019E00FFF6C4 /* Step.swift in Sources */ = {isa = PBXBuildFile; fileRef = C3C85A1827A3019E00FFF6C4 /* Step.swift */; };
		C3C85A1B27A301B900FFF6C4 /* User.swift in Sources */ = {isa = PBXBuildFile; fileRef = C3C85A1A27A301B900FFF6C4 /* User.swift */; };
		C3C85A1F27A3022700FFF6C4 /* Alert.swift in Sources */ = {isa = PBXBuildFile; fileRef = C3C85A1E27A3022700FFF6C4 /* Alert.swift */; };
		C3C85A2127A3132600FFF6C4 /* BaseViewController.swift in Sources */ = {isa = PBXBuildFile; fileRef = C3C85A2027A3132600FFF6C4 /* BaseViewController.swift */; };
		C3C85A2527A3175000FFF6C4 /* CollectionsViewController.swift in Sources */ = {isa = PBXBuildFile; fileRef = C3C85A2427A3175000FFF6C4 /* CollectionsViewController.swift */; };
		C3C85A2727A3176B00FFF6C4 /* CollectionsViewModel.swift in Sources */ = {isa = PBXBuildFile; fileRef = C3C85A2627A3176B00FFF6C4 /* CollectionsViewModel.swift */; };
		C3C85A2A27A3194B00FFF6C4 /* CollectionsCollectionViewCell.swift in Sources */ = {isa = PBXBuildFile; fileRef = C3C85A2927A3194B00FFF6C4 /* CollectionsCollectionViewCell.swift */; };
		C3C85A2C27A31A3500FFF6C4 /* Collection.swift in Sources */ = {isa = PBXBuildFile; fileRef = C3C85A2B27A31A3500FFF6C4 /* Collection.swift */; };
		C3C85A2E27A31AEB00FFF6C4 /* RecipesViewModel.swift in Sources */ = {isa = PBXBuildFile; fileRef = C3C85A2D27A31AEB00FFF6C4 /* RecipesViewModel.swift */; };
		C3C85A3827A31DE800FFF6C4 /* CardView.swift in Sources */ = {isa = PBXBuildFile; fileRef = C3C85A3627A31DE800FFF6C4 /* CardView.swift */; };
		C3C85A3927A31DE800FFF6C4 /* CardView.xib in Resources */ = {isa = PBXBuildFile; fileRef = C3C85A3727A31DE800FFF6C4 /* CardView.xib */; };
		C3C85A3B27A324BF00FFF6C4 /* UIViewExtension.swift in Sources */ = {isa = PBXBuildFile; fileRef = C3C85A3A27A324BF00FFF6C4 /* UIViewExtension.swift */; };
/* End PBXBuildFile section */

/* Begin PBXContainerItemProxy section */
		C386093927A08002006A98B6 /* PBXContainerItemProxy */ = {
			isa = PBXContainerItemProxy;
			containerPortal = C386091A27A08000006A98B6 /* Project object */;
			proxyType = 1;
			remoteGlobalIDString = C386092127A08000006A98B6;
			remoteInfo = RecipeApp;
		};
		C386094327A08002006A98B6 /* PBXContainerItemProxy */ = {
			isa = PBXContainerItemProxy;
			containerPortal = C386091A27A08000006A98B6 /* Project object */;
			proxyType = 1;
			remoteGlobalIDString = C386092127A08000006A98B6;
			remoteInfo = RecipeApp;
		};
/* End PBXContainerItemProxy section */

/* Begin PBXFileReference section */
		0629C3E827A7F1EB008F3A04 /* NetworkRecipesRepository.swift */ = {isa = PBXFileReference; lastKnownFileType = sourcecode.swift; path = NetworkRecipesRepository.swift; sourceTree = "<group>"; };
		0629C3EA27A8160D008F3A04 /* NetworkCollectionsRepository.swift */ = {isa = PBXFileReference; lastKnownFileType = sourcecode.swift; path = NetworkCollectionsRepository.swift; sourceTree = "<group>"; };
		0629C3EF27A8296F008F3A04 /* LocalCollectionsRepository.swift */ = {isa = PBXFileReference; lastKnownFileType = sourcecode.swift; path = LocalCollectionsRepository.swift; sourceTree = "<group>"; };
		0629C3F127A8297E008F3A04 /* LocalRecipesRepository.swift */ = {isa = PBXFileReference; lastKnownFileType = sourcecode.swift; path = LocalRecipesRepository.swift; sourceTree = "<group>"; };
		0629C3F627A831ED008F3A04 /* CollectionRecipes.json */ = {isa = PBXFileReference; lastKnownFileType = text.json; path = CollectionRecipes.json; sourceTree = "<group>"; };
		0629C3F927A8328F008F3A04 /* CollectionRecipesTests.swift */ = {isa = PBXFileReference; lastKnownFileType = sourcecode.swift; path = CollectionRecipesTests.swift; sourceTree = "<group>"; };
		22C8EE822FC815ED1CB66B7D /* Pods-RecipeApp-RecipeAppUITests.debug.xcconfig */ = {isa = PBXFileReference; includeInIndex = 1; lastKnownFileType = text.xcconfig; name = "Pods-RecipeApp-RecipeAppUITests.debug.xcconfig"; path = "Target Support Files/Pods-RecipeApp-RecipeAppUITests/Pods-RecipeApp-RecipeAppUITests.debug.xcconfig"; sourceTree = "<group>"; };
		248C9A41F524857F2911506E /* Pods_RecipeAppTests.framework */ = {isa = PBXFileReference; explicitFileType = wrapper.framework; includeInIndex = 0; path = Pods_RecipeAppTests.framework; sourceTree = BUILT_PRODUCTS_DIR; };
		4EFE01651BB32408DF10294C /* Pods-RecipeApp.debug.xcconfig */ = {isa = PBXFileReference; includeInIndex = 1; lastKnownFileType = text.xcconfig; name = "Pods-RecipeApp.debug.xcconfig"; path = "Target Support Files/Pods-RecipeApp/Pods-RecipeApp.debug.xcconfig"; sourceTree = "<group>"; };
		7C06022163A1F5DC63E107CC /* Pods-RecipeAppTests.release.xcconfig */ = {isa = PBXFileReference; includeInIndex = 1; lastKnownFileType = text.xcconfig; name = "Pods-RecipeAppTests.release.xcconfig"; path = "Target Support Files/Pods-RecipeAppTests/Pods-RecipeAppTests.release.xcconfig"; sourceTree = "<group>"; };
		8A27C7E33677A40DAF9038A2 /* Pods_RecipeApp_RecipeAppUITests.framework */ = {isa = PBXFileReference; explicitFileType = wrapper.framework; includeInIndex = 0; path = Pods_RecipeApp_RecipeAppUITests.framework; sourceTree = BUILT_PRODUCTS_DIR; };
		B8B5CED438EE9B879356187F /* Pods-RecipeApp-RecipeAppUITests.release.xcconfig */ = {isa = PBXFileReference; includeInIndex = 1; lastKnownFileType = text.xcconfig; name = "Pods-RecipeApp-RecipeAppUITests.release.xcconfig"; path = "Target Support Files/Pods-RecipeApp-RecipeAppUITests/Pods-RecipeApp-RecipeAppUITests.release.xcconfig"; sourceTree = "<group>"; };
		C386092227A08000006A98B6 /* RecipeApp.app */ = {isa = PBXFileReference; explicitFileType = wrapper.application; includeInIndex = 0; path = RecipeApp.app; sourceTree = BUILT_PRODUCTS_DIR; };
		C386092527A08000006A98B6 /* AppDelegate.swift */ = {isa = PBXFileReference; lastKnownFileType = sourcecode.swift; path = AppDelegate.swift; sourceTree = "<group>"; };
		C386092727A08000006A98B6 /* SceneDelegate.swift */ = {isa = PBXFileReference; lastKnownFileType = sourcecode.swift; path = SceneDelegate.swift; sourceTree = "<group>"; };
		C386092C27A08000006A98B6 /* Base */ = {isa = PBXFileReference; lastKnownFileType = file.storyboard; name = Base; path = Base.lproj/Main.storyboard; sourceTree = "<group>"; };
		C386092E27A08002006A98B6 /* Assets.xcassets */ = {isa = PBXFileReference; lastKnownFileType = folder.assetcatalog; path = Assets.xcassets; sourceTree = "<group>"; };
		C386093127A08002006A98B6 /* Base */ = {isa = PBXFileReference; lastKnownFileType = file.storyboard; name = Base; path = Base.lproj/LaunchScreen.storyboard; sourceTree = "<group>"; };
		C386093327A08002006A98B6 /* Info.plist */ = {isa = PBXFileReference; lastKnownFileType = text.plist.xml; path = Info.plist; sourceTree = "<group>"; };
		C386093827A08002006A98B6 /* RecipeAppTests.xctest */ = {isa = PBXFileReference; explicitFileType = wrapper.cfbundle; includeInIndex = 0; path = RecipeAppTests.xctest; sourceTree = BUILT_PRODUCTS_DIR; };
		C386094227A08002006A98B6 /* RecipeAppUITests.xctest */ = {isa = PBXFileReference; explicitFileType = wrapper.cfbundle; includeInIndex = 0; path = RecipeAppUITests.xctest; sourceTree = BUILT_PRODUCTS_DIR; };
		C386094627A08002006A98B6 /* RecipeAppUITests.swift */ = {isa = PBXFileReference; lastKnownFileType = sourcecode.swift; path = RecipeAppUITests.swift; sourceTree = "<group>"; };
		C386094827A08002006A98B6 /* RecipeAppUITestsLaunchTests.swift */ = {isa = PBXFileReference; lastKnownFileType = sourcecode.swift; path = RecipeAppUITestsLaunchTests.swift; sourceTree = "<group>"; };
		C386095927A08261006A98B6 /* Constants.swift */ = {isa = PBXFileReference; lastKnownFileType = sourcecode.swift; path = Constants.swift; sourceTree = "<group>"; };
		C398F46A27A4676600819C39 /* RecipeView.xib */ = {isa = PBXFileReference; lastKnownFileType = file.xib; path = RecipeView.xib; sourceTree = "<group>"; };
		C398F46C27A4677500819C39 /* RecipeView.swift */ = {isa = PBXFileReference; lastKnownFileType = sourcecode.swift; path = RecipeView.swift; sourceTree = "<group>"; };
		C398F47027A46A5500819C39 /* RecipesCollectionViewCell.swift */ = {isa = PBXFileReference; lastKnownFileType = sourcecode.swift; path = RecipesCollectionViewCell.swift; sourceTree = "<group>"; };
		C398F47227A55E8700819C39 /* RecipesViewController.swift */ = {isa = PBXFileReference; lastKnownFileType = sourcecode.swift; path = RecipesViewController.swift; sourceTree = "<group>"; };
		C398F47427A5646500819C39 /* BaseViewModel.swift */ = {isa = PBXFileReference; lastKnownFileType = sourcecode.swift; path = BaseViewModel.swift; sourceTree = "<group>"; };
		C398F48127A717B500819C39 /* Collections.json */ = {isa = PBXFileReference; lastKnownFileType = text.json; path = Collections.json; sourceTree = "<group>"; };
		C398F48827A719BB00819C39 /* CollectionsTests.swift */ = {isa = PBXFileReference; lastKnownFileType = sourcecode.swift; path = CollectionsTests.swift; sourceTree = "<group>"; };
		C398F49127A725B100819C39 /* NetworkError.swift */ = {isa = PBXFileReference; lastKnownFileType = sourcecode.swift; path = NetworkError.swift; sourceTree = "<group>"; };
		C398F49327A725E400819C39 /* BundleExtension.swift */ = {isa = PBXFileReference; lastKnownFileType = sourcecode.swift; path = BundleExtension.swift; sourceTree = "<group>"; };
		C398F49727A72E6000819C39 /* Recipes.json */ = {isa = PBXFileReference; lastKnownFileType = text.json; path = Recipes.json; sourceTree = "<group>"; };
		C398F49A27A7300F00819C39 /* RecipesTests.swift */ = {isa = PBXFileReference; lastKnownFileType = sourcecode.swift; path = RecipesTests.swift; sourceTree = "<group>"; };
		C3C85A1427A3005900FFF6C4 /* NetworkManager.swift */ = {isa = PBXFileReference; lastKnownFileType = sourcecode.swift; path = NetworkManager.swift; sourceTree = "<group>"; };
		C3C85A1627A3017B00FFF6C4 /* Recipe.swift */ = {isa = PBXFileReference; lastKnownFileType = sourcecode.swift; path = Recipe.swift; sourceTree = "<group>"; };
		C3C85A1827A3019E00FFF6C4 /* Step.swift */ = {isa = PBXFileReference; lastKnownFileType = sourcecode.swift; path = Step.swift; sourceTree = "<group>"; };
		C3C85A1A27A301B900FFF6C4 /* User.swift */ = {isa = PBXFileReference; lastKnownFileType = sourcecode.swift; path = User.swift; sourceTree = "<group>"; };
		C3C85A1E27A3022700FFF6C4 /* Alert.swift */ = {isa = PBXFileReference; lastKnownFileType = sourcecode.swift; path = Alert.swift; sourceTree = "<group>"; };
		C3C85A2027A3132600FFF6C4 /* BaseViewController.swift */ = {isa = PBXFileReference; lastKnownFileType = sourcecode.swift; path = BaseViewController.swift; sourceTree = "<group>"; };
		C3C85A2427A3175000FFF6C4 /* CollectionsViewController.swift */ = {isa = PBXFileReference; lastKnownFileType = sourcecode.swift; path = CollectionsViewController.swift; sourceTree = "<group>"; };
		C3C85A2627A3176B00FFF6C4 /* CollectionsViewModel.swift */ = {isa = PBXFileReference; lastKnownFileType = sourcecode.swift; path = CollectionsViewModel.swift; sourceTree = "<group>"; };
		C3C85A2927A3194B00FFF6C4 /* CollectionsCollectionViewCell.swift */ = {isa = PBXFileReference; lastKnownFileType = sourcecode.swift; path = CollectionsCollectionViewCell.swift; sourceTree = "<group>"; };
		C3C85A2B27A31A3500FFF6C4 /* Collection.swift */ = {isa = PBXFileReference; lastKnownFileType = sourcecode.swift; path = Collection.swift; sourceTree = "<group>"; };
		C3C85A2D27A31AEB00FFF6C4 /* RecipesViewModel.swift */ = {isa = PBXFileReference; lastKnownFileType = sourcecode.swift; path = RecipesViewModel.swift; sourceTree = "<group>"; };
		C3C85A3627A31DE800FFF6C4 /* CardView.swift */ = {isa = PBXFileReference; fileEncoding = 4; lastKnownFileType = sourcecode.swift; path = CardView.swift; sourceTree = "<group>"; };
		C3C85A3727A31DE800FFF6C4 /* CardView.xib */ = {isa = PBXFileReference; fileEncoding = 4; lastKnownFileType = file.xib; path = CardView.xib; sourceTree = "<group>"; };
		C3C85A3A27A324BF00FFF6C4 /* UIViewExtension.swift */ = {isa = PBXFileReference; lastKnownFileType = sourcecode.swift; path = UIViewExtension.swift; sourceTree = "<group>"; };
		D5B136502AAE4B4DE9B06B9E /* Pods-RecipeAppTests.debug.xcconfig */ = {isa = PBXFileReference; includeInIndex = 1; lastKnownFileType = text.xcconfig; name = "Pods-RecipeAppTests.debug.xcconfig"; path = "Target Support Files/Pods-RecipeAppTests/Pods-RecipeAppTests.debug.xcconfig"; sourceTree = "<group>"; };
		DF98B800D185F8A4EBC4BB75 /* Pods_RecipeApp.framework */ = {isa = PBXFileReference; explicitFileType = wrapper.framework; includeInIndex = 0; path = Pods_RecipeApp.framework; sourceTree = BUILT_PRODUCTS_DIR; };
		E572DD5956FBA695FCA79D36 /* Pods-RecipeApp.release.xcconfig */ = {isa = PBXFileReference; includeInIndex = 1; lastKnownFileType = text.xcconfig; name = "Pods-RecipeApp.release.xcconfig"; path = "Target Support Files/Pods-RecipeApp/Pods-RecipeApp.release.xcconfig"; sourceTree = "<group>"; };
/* End PBXFileReference section */

/* Begin PBXFrameworksBuildPhase section */
		C386091F27A08000006A98B6 /* Frameworks */ = {
			isa = PBXFrameworksBuildPhase;
			buildActionMask = 2147483647;
			files = (
				A354D88DAEF126707EA33FE9 /* Pods_RecipeApp.framework in Frameworks */,
			);
			runOnlyForDeploymentPostprocessing = 0;
		};
		C386093527A08002006A98B6 /* Frameworks */ = {
			isa = PBXFrameworksBuildPhase;
			buildActionMask = 2147483647;
			files = (
				0391DD535617EAC93CEECE08 /* Pods_RecipeAppTests.framework in Frameworks */,
			);
			runOnlyForDeploymentPostprocessing = 0;
		};
		C386093F27A08002006A98B6 /* Frameworks */ = {
			isa = PBXFrameworksBuildPhase;
			buildActionMask = 2147483647;
			files = (
				29C7FD2F06205CDFD6013745 /* Pods_RecipeApp_RecipeAppUITests.framework in Frameworks */,
			);
			runOnlyForDeploymentPostprocessing = 0;
		};
/* End PBXFrameworksBuildPhase section */

/* Begin PBXGroup section */
		0629C3EC27A8272B008F3A04 /* Repositories */ = {
			isa = PBXGroup;
			children = (
				0629C3ED27A82943008F3A04 /* Network */,
				0629C3EE27A8294E008F3A04 /* Local */,
			);
			path = Repositories;
			sourceTree = "<group>";
		};
		0629C3ED27A82943008F3A04 /* Network */ = {
			isa = PBXGroup;
			children = (
				0629C3EA27A8160D008F3A04 /* NetworkCollectionsRepository.swift */,
				0629C3E827A7F1EB008F3A04 /* NetworkRecipesRepository.swift */,
			);
			path = Network;
			sourceTree = "<group>";
		};
		0629C3EE27A8294E008F3A04 /* Local */ = {
			isa = PBXGroup;
			children = (
				0629C3EF27A8296F008F3A04 /* LocalCollectionsRepository.swift */,
				0629C3F127A8297E008F3A04 /* LocalRecipesRepository.swift */,
			);
			path = Local;
			sourceTree = "<group>";
		};
		835C59B6F02C19F48C0FCD0F /* Frameworks */ = {
			isa = PBXGroup;
			children = (
				DF98B800D185F8A4EBC4BB75 /* Pods_RecipeApp.framework */,
				8A27C7E33677A40DAF9038A2 /* Pods_RecipeApp_RecipeAppUITests.framework */,
				248C9A41F524857F2911506E /* Pods_RecipeAppTests.framework */,
			);
			name = Frameworks;
			sourceTree = "<group>";
		};
		89D4F6718924ABE3341C6ACF /* Pods */ = {
			isa = PBXGroup;
			children = (
				4EFE01651BB32408DF10294C /* Pods-RecipeApp.debug.xcconfig */,
				E572DD5956FBA695FCA79D36 /* Pods-RecipeApp.release.xcconfig */,
				22C8EE822FC815ED1CB66B7D /* Pods-RecipeApp-RecipeAppUITests.debug.xcconfig */,
				B8B5CED438EE9B879356187F /* Pods-RecipeApp-RecipeAppUITests.release.xcconfig */,
				D5B136502AAE4B4DE9B06B9E /* Pods-RecipeAppTests.debug.xcconfig */,
				7C06022163A1F5DC63E107CC /* Pods-RecipeAppTests.release.xcconfig */,
			);
			path = Pods;
			sourceTree = "<group>";
		};
		C386091927A08000006A98B6 = {
			isa = PBXGroup;
			children = (
				C386092427A08000006A98B6 /* RecipeApp */,
				C386093B27A08002006A98B6 /* RecipeAppTests */,
				C386094527A08002006A98B6 /* RecipeAppUITests */,
				C386092327A08000006A98B6 /* Products */,
				89D4F6718924ABE3341C6ACF /* Pods */,
				835C59B6F02C19F48C0FCD0F /* Frameworks */,
			);
			sourceTree = "<group>";
		};
		C386092327A08000006A98B6 /* Products */ = {
			isa = PBXGroup;
			children = (
				C386092227A08000006A98B6 /* RecipeApp.app */,
				C386093827A08002006A98B6 /* RecipeAppTests.xctest */,
				C386094227A08002006A98B6 /* RecipeAppUITests.xctest */,
			);
			name = Products;
			sourceTree = "<group>";
		};
		C386092427A08000006A98B6 /* RecipeApp */ = {
			isa = PBXGroup;
			children = (
				C386096027A082F7006A98B6 /* Extensions */,
				C386095D27A082E2006A98B6 /* Helpers */,
				C386095F27A082EF006A98B6 /* Managers */,
				0629C3EC27A8272B008F3A04 /* Repositories */,
				C386095E27A082E8006A98B6 /* Models */,
				C386095B27A082D4006A98B6 /* Views */,
				C386095827A0818A006A98B6 /* ViewModels */,
				C386095C27A082DA006A98B6 /* ViewControllers */,
				C386095727A08183006A98B6 /* Storyboards */,
				C386095627A08173006A98B6 /* Resources */,
				C386093327A08002006A98B6 /* Info.plist */,
			);
			path = RecipeApp;
			sourceTree = "<group>";
		};
		C386093B27A08002006A98B6 /* RecipeAppTests */ = {
			isa = PBXGroup;
			children = (
				C398F48027A7177500819C39 /* Data */,
				C398F48727A7199E00819C39 /* Tests */,
			);
			path = RecipeAppTests;
			sourceTree = "<group>";
		};
		C386094527A08002006A98B6 /* RecipeAppUITests */ = {
			isa = PBXGroup;
			children = (
				C386094627A08002006A98B6 /* RecipeAppUITests.swift */,
				C386094827A08002006A98B6 /* RecipeAppUITestsLaunchTests.swift */,
			);
			path = RecipeAppUITests;
			sourceTree = "<group>";
		};
		C386095627A08173006A98B6 /* Resources */ = {
			isa = PBXGroup;
			children = (
				C386092527A08000006A98B6 /* AppDelegate.swift */,
				C386092727A08000006A98B6 /* SceneDelegate.swift */,
				C386095927A08261006A98B6 /* Constants.swift */,
				C386092E27A08002006A98B6 /* Assets.xcassets */,
			);
			path = Resources;
			sourceTree = "<group>";
		};
		C386095727A08183006A98B6 /* Storyboards */ = {
			isa = PBXGroup;
			children = (
				C386092B27A08000006A98B6 /* Main.storyboard */,
				C386093027A08002006A98B6 /* LaunchScreen.storyboard */,
			);
			path = Storyboards;
			sourceTree = "<group>";
		};
		C386095827A0818A006A98B6 /* ViewModels */ = {
			isa = PBXGroup;
			children = (
				C398F47427A5646500819C39 /* BaseViewModel.swift */,
				C3C85A2627A3176B00FFF6C4 /* CollectionsViewModel.swift */,
				C3C85A2D27A31AEB00FFF6C4 /* RecipesViewModel.swift */,
			);
			path = ViewModels;
			sourceTree = "<group>";
		};
		C386095B27A082D4006A98B6 /* Views */ = {
			isa = PBXGroup;
			children = (
				C3C85A2F27A31B6000FFF6C4 /* Custom */,
				C3C85A2827A3192C00FFF6C4 /* CollectionView */,
			);
			path = Views;
			sourceTree = "<group>";
		};
		C386095C27A082DA006A98B6 /* ViewControllers */ = {
			isa = PBXGroup;
			children = (
				C3C85A2027A3132600FFF6C4 /* BaseViewController.swift */,
				C3C85A2427A3175000FFF6C4 /* CollectionsViewController.swift */,
				C398F47227A55E8700819C39 /* RecipesViewController.swift */,
			);
			path = ViewControllers;
			sourceTree = "<group>";
		};
		C386095D27A082E2006A98B6 /* Helpers */ = {
			isa = PBXGroup;
			children = (
				C3C85A1E27A3022700FFF6C4 /* Alert.swift */,
				C398F49127A725B100819C39 /* NetworkError.swift */,
			);
			path = Helpers;
			sourceTree = "<group>";
		};
		C386095E27A082E8006A98B6 /* Models */ = {
			isa = PBXGroup;
			children = (
				C3C85A2B27A31A3500FFF6C4 /* Collection.swift */,
				C3C85A1627A3017B00FFF6C4 /* Recipe.swift */,
				C3C85A1827A3019E00FFF6C4 /* Step.swift */,
				C3C85A1A27A301B900FFF6C4 /* User.swift */,
			);
			path = Models;
			sourceTree = "<group>";
		};
		C386095F27A082EF006A98B6 /* Managers */ = {
			isa = PBXGroup;
			children = (
				C3C85A1427A3005900FFF6C4 /* NetworkManager.swift */,
			);
			path = Managers;
			sourceTree = "<group>";
		};
		C386096027A082F7006A98B6 /* Extensions */ = {
			isa = PBXGroup;
			children = (
				C3C85A3A27A324BF00FFF6C4 /* UIViewExtension.swift */,
				C398F49327A725E400819C39 /* BundleExtension.swift */,
			);
			path = Extensions;
			sourceTree = "<group>";
		};
		C398F46927A4674700819C39 /* RecipeView */ = {
			isa = PBXGroup;
			children = (
				C398F46C27A4677500819C39 /* RecipeView.swift */,
				C398F46A27A4676600819C39 /* RecipeView.xib */,
			);
			path = RecipeView;
			sourceTree = "<group>";
		};
		C398F48027A7177500819C39 /* Data */ = {
			isa = PBXGroup;
			children = (
				C398F48127A717B500819C39 /* Collections.json */,
				0629C3F627A831ED008F3A04 /* CollectionRecipes.json */,
				C398F49727A72E6000819C39 /* Recipes.json */,
			);
			path = Data;
			sourceTree = "<group>";
		};
		C398F48727A7199E00819C39 /* Tests */ = {
			isa = PBXGroup;
			children = (
				C398F48827A719BB00819C39 /* CollectionsTests.swift */,
				0629C3F927A8328F008F3A04 /* CollectionRecipesTests.swift */,
				C398F49A27A7300F00819C39 /* RecipesTests.swift */,
			);
			path = Tests;
			sourceTree = "<group>";
		};
		C3C85A2827A3192C00FFF6C4 /* CollectionView */ = {
			isa = PBXGroup;
			children = (
				C3C85A2927A3194B00FFF6C4 /* CollectionsCollectionViewCell.swift */,
				C398F47027A46A5500819C39 /* RecipesCollectionViewCell.swift */,
			);
			path = CollectionView;
			sourceTree = "<group>";
		};
		C3C85A2F27A31B6000FFF6C4 /* Custom */ = {
			isa = PBXGroup;
			children = (
				C3C85A3527A31DCC00FFF6C4 /* CardView */,
				C398F46927A4674700819C39 /* RecipeView */,
			);
			path = Custom;
			sourceTree = "<group>";
		};
		C3C85A3527A31DCC00FFF6C4 /* CardView */ = {
			isa = PBXGroup;
			children = (
				C3C85A3627A31DE800FFF6C4 /* CardView.swift */,
				C3C85A3727A31DE800FFF6C4 /* CardView.xib */,
			);
			path = CardView;
			sourceTree = "<group>";
		};
/* End PBXGroup section */

/* Begin PBXNativeTarget section */
		C386092127A08000006A98B6 /* RecipeApp */ = {
			isa = PBXNativeTarget;
			buildConfigurationList = C386094C27A08002006A98B6 /* Build configuration list for PBXNativeTarget "RecipeApp" */;
			buildPhases = (
				B62B9825CE288BDFC9F55E97 /* [CP] Check Pods Manifest.lock */,
				C386091E27A08000006A98B6 /* Sources */,
				C386091F27A08000006A98B6 /* Frameworks */,
				C386092027A08000006A98B6 /* Resources */,
				3587030409A2553D930AE3F1 /* [CP] Embed Pods Frameworks */,
				C386095527A08118006A98B6 /* SwiftLint */,
			);
			buildRules = (
			);
			dependencies = (
			);
			name = RecipeApp;
			productName = RecipeApp;
			productReference = C386092227A08000006A98B6 /* RecipeApp.app */;
			productType = "com.apple.product-type.application";
		};
		C386093727A08002006A98B6 /* RecipeAppTests */ = {
			isa = PBXNativeTarget;
			buildConfigurationList = C386094F27A08002006A98B6 /* Build configuration list for PBXNativeTarget "RecipeAppTests" */;
			buildPhases = (
				149252D2DBED09DE95C110DC /* [CP] Check Pods Manifest.lock */,
				C386093427A08002006A98B6 /* Sources */,
				C386093527A08002006A98B6 /* Frameworks */,
				C386093627A08002006A98B6 /* Resources */,
			);
			buildRules = (
			);
			dependencies = (
				C386093A27A08002006A98B6 /* PBXTargetDependency */,
			);
			name = RecipeAppTests;
			productName = RecipeAppTests;
			productReference = C386093827A08002006A98B6 /* RecipeAppTests.xctest */;
			productType = "com.apple.product-type.bundle.unit-test";
		};
		C386094127A08002006A98B6 /* RecipeAppUITests */ = {
			isa = PBXNativeTarget;
			buildConfigurationList = C386095227A08002006A98B6 /* Build configuration list for PBXNativeTarget "RecipeAppUITests" */;
			buildPhases = (
				80C1890A6CA8009AC229A57E /* [CP] Check Pods Manifest.lock */,
				C386093E27A08002006A98B6 /* Sources */,
				C386093F27A08002006A98B6 /* Frameworks */,
				C386094027A08002006A98B6 /* Resources */,
				2C5A69F7F67FAC4251A2E6B4 /* [CP] Embed Pods Frameworks */,
			);
			buildRules = (
			);
			dependencies = (
				C386094427A08002006A98B6 /* PBXTargetDependency */,
			);
			name = RecipeAppUITests;
			productName = RecipeAppUITests;
			productReference = C386094227A08002006A98B6 /* RecipeAppUITests.xctest */;
			productType = "com.apple.product-type.bundle.ui-testing";
		};
/* End PBXNativeTarget section */

/* Begin PBXProject section */
		C386091A27A08000006A98B6 /* Project object */ = {
			isa = PBXProject;
			attributes = {
				BuildIndependentTargetsInParallel = 1;
				LastSwiftUpdateCheck = 1320;
				LastUpgradeCheck = 1320;
				TargetAttributes = {
					C386092127A08000006A98B6 = {
						CreatedOnToolsVersion = 13.2.1;
					};
					C386093727A08002006A98B6 = {
						CreatedOnToolsVersion = 13.2.1;
						TestTargetID = C386092127A08000006A98B6;
					};
					C386094127A08002006A98B6 = {
						CreatedOnToolsVersion = 13.2.1;
						TestTargetID = C386092127A08000006A98B6;
					};
				};
			};
			buildConfigurationList = C386091D27A08000006A98B6 /* Build configuration list for PBXProject "RecipeApp" */;
			compatibilityVersion = "Xcode 13.0";
			developmentRegion = en;
			hasScannedForEncodings = 0;
			knownRegions = (
				en,
				Base,
			);
			mainGroup = C386091927A08000006A98B6;
			productRefGroup = C386092327A08000006A98B6 /* Products */;
			projectDirPath = "";
			projectRoot = "";
			targets = (
				C386092127A08000006A98B6 /* RecipeApp */,
				C386093727A08002006A98B6 /* RecipeAppTests */,
				C386094127A08002006A98B6 /* RecipeAppUITests */,
			);
		};
/* End PBXProject section */

/* Begin PBXResourcesBuildPhase section */
		C386092027A08000006A98B6 /* Resources */ = {
			isa = PBXResourcesBuildPhase;
			buildActionMask = 2147483647;
			files = (
				C386093227A08002006A98B6 /* LaunchScreen.storyboard in Resources */,
				C398F49027A71F9F00819C39 /* Collections.json in Resources */,
				C386092F27A08002006A98B6 /* Assets.xcassets in Resources */,
				C398F46B27A4676600819C39 /* RecipeView.xib in Resources */,
				C3C85A3927A31DE800FFF6C4 /* CardView.xib in Resources */,
				0629C3F727A831ED008F3A04 /* CollectionRecipes.json in Resources */,
				C386092D27A08000006A98B6 /* Main.storyboard in Resources */,
				C398F49827A72E6500819C39 /* Recipes.json in Resources */,
			);
			runOnlyForDeploymentPostprocessing = 0;
		};
		C386093627A08002006A98B6 /* Resources */ = {
			isa = PBXResourcesBuildPhase;
			buildActionMask = 2147483647;
			files = (
				0629C3F827A831ED008F3A04 /* CollectionRecipes.json in Resources */,
				C398F48C27A71B5500819C39 /* Collections.json in Resources */,
				C398F49927A72E6600819C39 /* Recipes.json in Resources */,
			);
			runOnlyForDeploymentPostprocessing = 0;
		};
		C386094027A08002006A98B6 /* Resources */ = {
			isa = PBXResourcesBuildPhase;
			buildActionMask = 2147483647;
			files = (
			);
			runOnlyForDeploymentPostprocessing = 0;
		};
/* End PBXResourcesBuildPhase section */

/* Begin PBXShellScriptBuildPhase section */
		149252D2DBED09DE95C110DC /* [CP] Check Pods Manifest.lock */ = {
			isa = PBXShellScriptBuildPhase;
			buildActionMask = 2147483647;
			files = (
			);
			inputFileListPaths = (
			);
			inputPaths = (
				"${PODS_PODFILE_DIR_PATH}/Podfile.lock",
				"${PODS_ROOT}/Manifest.lock",
			);
			name = "[CP] Check Pods Manifest.lock";
			outputFileListPaths = (
			);
			outputPaths = (
				"$(DERIVED_FILE_DIR)/Pods-RecipeAppTests-checkManifestLockResult.txt",
			);
			runOnlyForDeploymentPostprocessing = 0;
			shellPath = /bin/sh;
			shellScript = "diff \"${PODS_PODFILE_DIR_PATH}/Podfile.lock\" \"${PODS_ROOT}/Manifest.lock\" > /dev/null\nif [ $? != 0 ] ; then\n    # print error to STDERR\n    echo \"error: The sandbox is not in sync with the Podfile.lock. Run 'pod install' or update your CocoaPods installation.\" >&2\n    exit 1\nfi\n# This output is used by Xcode 'outputs' to avoid re-running this script phase.\necho \"SUCCESS\" > \"${SCRIPT_OUTPUT_FILE_0}\"\n";
			showEnvVarsInLog = 0;
		};
		2C5A69F7F67FAC4251A2E6B4 /* [CP] Embed Pods Frameworks */ = {
			isa = PBXShellScriptBuildPhase;
			buildActionMask = 2147483647;
			files = (
			);
			inputFileListPaths = (
				"${PODS_ROOT}/Target Support Files/Pods-RecipeApp-RecipeAppUITests/Pods-RecipeApp-RecipeAppUITests-frameworks-${CONFIGURATION}-input-files.xcfilelist",
			);
			name = "[CP] Embed Pods Frameworks";
			outputFileListPaths = (
				"${PODS_ROOT}/Target Support Files/Pods-RecipeApp-RecipeAppUITests/Pods-RecipeApp-RecipeAppUITests-frameworks-${CONFIGURATION}-output-files.xcfilelist",
			);
			runOnlyForDeploymentPostprocessing = 0;
			shellPath = /bin/sh;
			shellScript = "\"${PODS_ROOT}/Target Support Files/Pods-RecipeApp-RecipeAppUITests/Pods-RecipeApp-RecipeAppUITests-frameworks.sh\"\n";
			showEnvVarsInLog = 0;
		};
		3587030409A2553D930AE3F1 /* [CP] Embed Pods Frameworks */ = {
			isa = PBXShellScriptBuildPhase;
			buildActionMask = 2147483647;
			files = (
			);
			inputFileListPaths = (
				"${PODS_ROOT}/Target Support Files/Pods-RecipeApp/Pods-RecipeApp-frameworks-${CONFIGURATION}-input-files.xcfilelist",
			);
			name = "[CP] Embed Pods Frameworks";
			outputFileListPaths = (
				"${PODS_ROOT}/Target Support Files/Pods-RecipeApp/Pods-RecipeApp-frameworks-${CONFIGURATION}-output-files.xcfilelist",
			);
			runOnlyForDeploymentPostprocessing = 0;
			shellPath = /bin/sh;
			shellScript = "\"${PODS_ROOT}/Target Support Files/Pods-RecipeApp/Pods-RecipeApp-frameworks.sh\"\n";
			showEnvVarsInLog = 0;
		};
		80C1890A6CA8009AC229A57E /* [CP] Check Pods Manifest.lock */ = {
			isa = PBXShellScriptBuildPhase;
			buildActionMask = 2147483647;
			files = (
			);
			inputFileListPaths = (
			);
			inputPaths = (
				"${PODS_PODFILE_DIR_PATH}/Podfile.lock",
				"${PODS_ROOT}/Manifest.lock",
			);
			name = "[CP] Check Pods Manifest.lock";
			outputFileListPaths = (
			);
			outputPaths = (
				"$(DERIVED_FILE_DIR)/Pods-RecipeApp-RecipeAppUITests-checkManifestLockResult.txt",
			);
			runOnlyForDeploymentPostprocessing = 0;
			shellPath = /bin/sh;
			shellScript = "diff \"${PODS_PODFILE_DIR_PATH}/Podfile.lock\" \"${PODS_ROOT}/Manifest.lock\" > /dev/null\nif [ $? != 0 ] ; then\n    # print error to STDERR\n    echo \"error: The sandbox is not in sync with the Podfile.lock. Run 'pod install' or update your CocoaPods installation.\" >&2\n    exit 1\nfi\n# This output is used by Xcode 'outputs' to avoid re-running this script phase.\necho \"SUCCESS\" > \"${SCRIPT_OUTPUT_FILE_0}\"\n";
			showEnvVarsInLog = 0;
		};
		B62B9825CE288BDFC9F55E97 /* [CP] Check Pods Manifest.lock */ = {
			isa = PBXShellScriptBuildPhase;
			buildActionMask = 2147483647;
			files = (
			);
			inputFileListPaths = (
			);
			inputPaths = (
				"${PODS_PODFILE_DIR_PATH}/Podfile.lock",
				"${PODS_ROOT}/Manifest.lock",
			);
			name = "[CP] Check Pods Manifest.lock";
			outputFileListPaths = (
			);
			outputPaths = (
				"$(DERIVED_FILE_DIR)/Pods-RecipeApp-checkManifestLockResult.txt",
			);
			runOnlyForDeploymentPostprocessing = 0;
			shellPath = /bin/sh;
			shellScript = "diff \"${PODS_PODFILE_DIR_PATH}/Podfile.lock\" \"${PODS_ROOT}/Manifest.lock\" > /dev/null\nif [ $? != 0 ] ; then\n    # print error to STDERR\n    echo \"error: The sandbox is not in sync with the Podfile.lock. Run 'pod install' or update your CocoaPods installation.\" >&2\n    exit 1\nfi\n# This output is used by Xcode 'outputs' to avoid re-running this script phase.\necho \"SUCCESS\" > \"${SCRIPT_OUTPUT_FILE_0}\"\n";
			showEnvVarsInLog = 0;
		};
		C386095527A08118006A98B6 /* SwiftLint */ = {
			isa = PBXShellScriptBuildPhase;
			buildActionMask = 2147483647;
			files = (
			);
			inputFileListPaths = (
			);
			inputPaths = (
			);
			name = SwiftLint;
			outputFileListPaths = (
			);
			outputPaths = (
			);
			runOnlyForDeploymentPostprocessing = 0;
			shellPath = /bin/sh;
			shellScript = "# Type a script or drag a script file from your workspace to insert its path.\nif which swiftlint >/dev/null; then\n  swiftlint\nelse\n  echo \"warning: SwiftLint not installed, download from https://github.com/realm/SwiftLint\"\nfi\n";
		};
/* End PBXShellScriptBuildPhase section */

/* Begin PBXSourcesBuildPhase section */
		C386091E27A08000006A98B6 /* Sources */ = {
			isa = PBXSourcesBuildPhase;
			buildActionMask = 2147483647;
			files = (
				C398F47127A46A5500819C39 /* RecipesCollectionViewCell.swift in Sources */,
				C398F47527A5646500819C39 /* BaseViewModel.swift in Sources */,
				C398F49227A725B100819C39 /* NetworkError.swift in Sources */,
				C398F47327A55E8700819C39 /* RecipesViewController.swift in Sources */,
				C398F46D27A4677500819C39 /* RecipeView.swift in Sources */,
				C3C85A2A27A3194B00FFF6C4 /* CollectionsCollectionViewCell.swift in Sources */,
				C3C85A2527A3175000FFF6C4 /* CollectionsViewController.swift in Sources */,
				C386092627A08000006A98B6 /* AppDelegate.swift in Sources */,
				C3C85A2127A3132600FFF6C4 /* BaseViewController.swift in Sources */,
				C3C85A1527A3005900FFF6C4 /* NetworkManager.swift in Sources */,
				C3C85A1927A3019E00FFF6C4 /* Step.swift in Sources */,
				C3C85A2C27A31A3500FFF6C4 /* Collection.swift in Sources */,
				C3C85A1B27A301B900FFF6C4 /* User.swift in Sources */,
				C3C85A3B27A324BF00FFF6C4 /* UIViewExtension.swift in Sources */,
				C3C85A1727A3017B00FFF6C4 /* Recipe.swift in Sources */,
				C3C85A2727A3176B00FFF6C4 /* CollectionsViewModel.swift in Sources */,
				C386092827A08000006A98B6 /* SceneDelegate.swift in Sources */,
				0629C3EB27A8160D008F3A04 /* NetworkCollectionsRepository.swift in Sources */,
				C3C85A2E27A31AEB00FFF6C4 /* RecipesViewModel.swift in Sources */,
				C3C85A1F27A3022700FFF6C4 /* Alert.swift in Sources */,
				C3C85A3827A31DE800FFF6C4 /* CardView.swift in Sources */,
				0629C3F227A8297E008F3A04 /* LocalRecipesRepository.swift in Sources */,
				C386095A27A08261006A98B6 /* Constants.swift in Sources */,
				0629C3E927A7F1EB008F3A04 /* NetworkRecipesRepository.swift in Sources */,
				0629C3F027A8296F008F3A04 /* LocalCollectionsRepository.swift in Sources */,
				C398F49427A725E400819C39 /* BundleExtension.swift in Sources */,
			);
			runOnlyForDeploymentPostprocessing = 0;
		};
		C386093427A08002006A98B6 /* Sources */ = {
			isa = PBXSourcesBuildPhase;
			buildActionMask = 2147483647;
			files = (
				C398F48927A719BB00819C39 /* CollectionsTests.swift in Sources */,
				0629C3FA27A8328F008F3A04 /* CollectionRecipesTests.swift in Sources */,
				C398F49B27A7300F00819C39 /* RecipesTests.swift in Sources */,
			);
			runOnlyForDeploymentPostprocessing = 0;
		};
		C386093E27A08002006A98B6 /* Sources */ = {
			isa = PBXSourcesBuildPhase;
			buildActionMask = 2147483647;
			files = (
				C386094927A08002006A98B6 /* RecipeAppUITestsLaunchTests.swift in Sources */,
				C386094727A08002006A98B6 /* RecipeAppUITests.swift in Sources */,
			);
			runOnlyForDeploymentPostprocessing = 0;
		};
/* End PBXSourcesBuildPhase section */

/* Begin PBXTargetDependency section */
		C386093A27A08002006A98B6 /* PBXTargetDependency */ = {
			isa = PBXTargetDependency;
			target = C386092127A08000006A98B6 /* RecipeApp */;
			targetProxy = C386093927A08002006A98B6 /* PBXContainerItemProxy */;
		};
		C386094427A08002006A98B6 /* PBXTargetDependency */ = {
			isa = PBXTargetDependency;
			target = C386092127A08000006A98B6 /* RecipeApp */;
			targetProxy = C386094327A08002006A98B6 /* PBXContainerItemProxy */;
		};
/* End PBXTargetDependency section */

/* Begin PBXVariantGroup section */
		C386092B27A08000006A98B6 /* Main.storyboard */ = {
			isa = PBXVariantGroup;
			children = (
				C386092C27A08000006A98B6 /* Base */,
			);
			name = Main.storyboard;
			sourceTree = "<group>";
		};
		C386093027A08002006A98B6 /* LaunchScreen.storyboard */ = {
			isa = PBXVariantGroup;
			children = (
				C386093127A08002006A98B6 /* Base */,
			);
			name = LaunchScreen.storyboard;
			sourceTree = "<group>";
		};
/* End PBXVariantGroup section */

/* Begin XCBuildConfiguration section */
		C386094A27A08002006A98B6 /* Debug */ = {
			isa = XCBuildConfiguration;
			buildSettings = {
				ALWAYS_SEARCH_USER_PATHS = NO;
				CLANG_ANALYZER_NONNULL = YES;
				CLANG_ANALYZER_NUMBER_OBJECT_CONVERSION = YES_AGGRESSIVE;
				CLANG_CXX_LANGUAGE_STANDARD = "gnu++17";
				CLANG_CXX_LIBRARY = "libc++";
				CLANG_ENABLE_MODULES = YES;
				CLANG_ENABLE_OBJC_ARC = YES;
				CLANG_ENABLE_OBJC_WEAK = YES;
				CLANG_WARN_BLOCK_CAPTURE_AUTORELEASING = YES;
				CLANG_WARN_BOOL_CONVERSION = YES;
				CLANG_WARN_COMMA = YES;
				CLANG_WARN_CONSTANT_CONVERSION = YES;
				CLANG_WARN_DEPRECATED_OBJC_IMPLEMENTATIONS = YES;
				CLANG_WARN_DIRECT_OBJC_ISA_USAGE = YES_ERROR;
				CLANG_WARN_DOCUMENTATION_COMMENTS = YES;
				CLANG_WARN_EMPTY_BODY = YES;
				CLANG_WARN_ENUM_CONVERSION = YES;
				CLANG_WARN_INFINITE_RECURSION = YES;
				CLANG_WARN_INT_CONVERSION = YES;
				CLANG_WARN_NON_LITERAL_NULL_CONVERSION = YES;
				CLANG_WARN_OBJC_IMPLICIT_RETAIN_SELF = YES;
				CLANG_WARN_OBJC_LITERAL_CONVERSION = YES;
				CLANG_WARN_OBJC_ROOT_CLASS = YES_ERROR;
				CLANG_WARN_QUOTED_INCLUDE_IN_FRAMEWORK_HEADER = YES;
				CLANG_WARN_RANGE_LOOP_ANALYSIS = YES;
				CLANG_WARN_STRICT_PROTOTYPES = YES;
				CLANG_WARN_SUSPICIOUS_MOVE = YES;
				CLANG_WARN_UNGUARDED_AVAILABILITY = YES_AGGRESSIVE;
				CLANG_WARN_UNREACHABLE_CODE = YES;
				CLANG_WARN__DUPLICATE_METHOD_MATCH = YES;
				COPY_PHASE_STRIP = NO;
				DEBUG_INFORMATION_FORMAT = dwarf;
				ENABLE_STRICT_OBJC_MSGSEND = YES;
				ENABLE_TESTABILITY = YES;
				GCC_C_LANGUAGE_STANDARD = gnu11;
				GCC_DYNAMIC_NO_PIC = NO;
				GCC_NO_COMMON_BLOCKS = YES;
				GCC_OPTIMIZATION_LEVEL = 0;
				GCC_PREPROCESSOR_DEFINITIONS = (
					"DEBUG=1",
					"$(inherited)",
				);
				GCC_WARN_64_TO_32_BIT_CONVERSION = YES;
				GCC_WARN_ABOUT_RETURN_TYPE = YES_ERROR;
				GCC_WARN_UNDECLARED_SELECTOR = YES;
				GCC_WARN_UNINITIALIZED_AUTOS = YES_AGGRESSIVE;
				GCC_WARN_UNUSED_FUNCTION = YES;
				GCC_WARN_UNUSED_VARIABLE = YES;
				IPHONEOS_DEPLOYMENT_TARGET = 15.2;
				MTL_ENABLE_DEBUG_INFO = INCLUDE_SOURCE;
				MTL_FAST_MATH = YES;
				ONLY_ACTIVE_ARCH = YES;
				SDKROOT = iphoneos;
				SWIFT_ACTIVE_COMPILATION_CONDITIONS = DEBUG;
				SWIFT_OPTIMIZATION_LEVEL = "-Onone";
			};
			name = Debug;
		};
		C386094B27A08002006A98B6 /* Release */ = {
			isa = XCBuildConfiguration;
			buildSettings = {
				ALWAYS_SEARCH_USER_PATHS = NO;
				CLANG_ANALYZER_NONNULL = YES;
				CLANG_ANALYZER_NUMBER_OBJECT_CONVERSION = YES_AGGRESSIVE;
				CLANG_CXX_LANGUAGE_STANDARD = "gnu++17";
				CLANG_CXX_LIBRARY = "libc++";
				CLANG_ENABLE_MODULES = YES;
				CLANG_ENABLE_OBJC_ARC = YES;
				CLANG_ENABLE_OBJC_WEAK = YES;
				CLANG_WARN_BLOCK_CAPTURE_AUTORELEASING = YES;
				CLANG_WARN_BOOL_CONVERSION = YES;
				CLANG_WARN_COMMA = YES;
				CLANG_WARN_CONSTANT_CONVERSION = YES;
				CLANG_WARN_DEPRECATED_OBJC_IMPLEMENTATIONS = YES;
				CLANG_WARN_DIRECT_OBJC_ISA_USAGE = YES_ERROR;
				CLANG_WARN_DOCUMENTATION_COMMENTS = YES;
				CLANG_WARN_EMPTY_BODY = YES;
				CLANG_WARN_ENUM_CONVERSION = YES;
				CLANG_WARN_INFINITE_RECURSION = YES;
				CLANG_WARN_INT_CONVERSION = YES;
				CLANG_WARN_NON_LITERAL_NULL_CONVERSION = YES;
				CLANG_WARN_OBJC_IMPLICIT_RETAIN_SELF = YES;
				CLANG_WARN_OBJC_LITERAL_CONVERSION = YES;
				CLANG_WARN_OBJC_ROOT_CLASS = YES_ERROR;
				CLANG_WARN_QUOTED_INCLUDE_IN_FRAMEWORK_HEADER = YES;
				CLANG_WARN_RANGE_LOOP_ANALYSIS = YES;
				CLANG_WARN_STRICT_PROTOTYPES = YES;
				CLANG_WARN_SUSPICIOUS_MOVE = YES;
				CLANG_WARN_UNGUARDED_AVAILABILITY = YES_AGGRESSIVE;
				CLANG_WARN_UNREACHABLE_CODE = YES;
				CLANG_WARN__DUPLICATE_METHOD_MATCH = YES;
				COPY_PHASE_STRIP = NO;
				DEBUG_INFORMATION_FORMAT = "dwarf-with-dsym";
				ENABLE_NS_ASSERTIONS = NO;
				ENABLE_STRICT_OBJC_MSGSEND = YES;
				GCC_C_LANGUAGE_STANDARD = gnu11;
				GCC_NO_COMMON_BLOCKS = YES;
				GCC_WARN_64_TO_32_BIT_CONVERSION = YES;
				GCC_WARN_ABOUT_RETURN_TYPE = YES_ERROR;
				GCC_WARN_UNDECLARED_SELECTOR = YES;
				GCC_WARN_UNINITIALIZED_AUTOS = YES_AGGRESSIVE;
				GCC_WARN_UNUSED_FUNCTION = YES;
				GCC_WARN_UNUSED_VARIABLE = YES;
				IPHONEOS_DEPLOYMENT_TARGET = 15.2;
				MTL_ENABLE_DEBUG_INFO = NO;
				MTL_FAST_MATH = YES;
				SDKROOT = iphoneos;
				SWIFT_COMPILATION_MODE = wholemodule;
				SWIFT_OPTIMIZATION_LEVEL = "-O";
				VALIDATE_PRODUCT = YES;
			};
			name = Release;
		};
		C386094D27A08002006A98B6 /* Debug */ = {
			isa = XCBuildConfiguration;
			baseConfigurationReference = 4EFE01651BB32408DF10294C /* Pods-RecipeApp.debug.xcconfig */;
			buildSettings = {
				ASSETCATALOG_COMPILER_APPICON_NAME = AppIcon;
				ASSETCATALOG_COMPILER_GLOBAL_ACCENT_COLOR_NAME = AccentColor;
				CODE_SIGN_STYLE = Automatic;
				CURRENT_PROJECT_VERSION = 1;
				DEVELOPMENT_TEAM = 5D4JY3DVDT;
				GENERATE_INFOPLIST_FILE = YES;
				INFOPLIST_FILE = RecipeApp/Info.plist;
				INFOPLIST_KEY_UIApplicationSupportsIndirectInputEvents = YES;
				INFOPLIST_KEY_UILaunchStoryboardName = LaunchScreen;
				INFOPLIST_KEY_UIMainStoryboardFile = Main;
				INFOPLIST_KEY_UISupportedInterfaceOrientations = UIInterfaceOrientationPortrait;
				INFOPLIST_KEY_UISupportedInterfaceOrientations_iPad = "UIInterfaceOrientationPortrait UIInterfaceOrientationPortraitUpsideDown UIInterfaceOrientationLandscapeLeft UIInterfaceOrientationLandscapeRight";
				INFOPLIST_KEY_UISupportedInterfaceOrientations_iPhone = "UIInterfaceOrientationPortrait UIInterfaceOrientationLandscapeLeft UIInterfaceOrientationLandscapeRight";
				IPHONEOS_DEPLOYMENT_TARGET = 13.0;
				LD_RUNPATH_SEARCH_PATHS = (
					"$(inherited)",
					"@executable_path/Frameworks",
				);
				MARKETING_VERSION = 1.0;
				PRODUCT_BUNDLE_IDENTIFIER = com.ea.RecipeApp;
				PRODUCT_NAME = "$(TARGET_NAME)";
				SWIFT_EMIT_LOC_STRINGS = YES;
				SWIFT_VERSION = 5.0;
				TARGETED_DEVICE_FAMILY = "1,2";
			};
			name = Debug;
		};
		C386094E27A08002006A98B6 /* Release */ = {
			isa = XCBuildConfiguration;
			baseConfigurationReference = E572DD5956FBA695FCA79D36 /* Pods-RecipeApp.release.xcconfig */;
			buildSettings = {
				ASSETCATALOG_COMPILER_APPICON_NAME = AppIcon;
				ASSETCATALOG_COMPILER_GLOBAL_ACCENT_COLOR_NAME = AccentColor;
				CODE_SIGN_STYLE = Automatic;
				CURRENT_PROJECT_VERSION = 1;
				DEVELOPMENT_TEAM = 5D4JY3DVDT;
				GENERATE_INFOPLIST_FILE = YES;
				INFOPLIST_FILE = RecipeApp/Info.plist;
				INFOPLIST_KEY_UIApplicationSupportsIndirectInputEvents = YES;
				INFOPLIST_KEY_UILaunchStoryboardName = LaunchScreen;
				INFOPLIST_KEY_UIMainStoryboardFile = Main;
				INFOPLIST_KEY_UISupportedInterfaceOrientations = UIInterfaceOrientationPortrait;
				INFOPLIST_KEY_UISupportedInterfaceOrientations_iPad = "UIInterfaceOrientationPortrait UIInterfaceOrientationPortraitUpsideDown UIInterfaceOrientationLandscapeLeft UIInterfaceOrientationLandscapeRight";
				INFOPLIST_KEY_UISupportedInterfaceOrientations_iPhone = "UIInterfaceOrientationPortrait UIInterfaceOrientationLandscapeLeft UIInterfaceOrientationLandscapeRight";
				IPHONEOS_DEPLOYMENT_TARGET = 13.0;
				LD_RUNPATH_SEARCH_PATHS = (
					"$(inherited)",
					"@executable_path/Frameworks",
				);
				MARKETING_VERSION = 1.0;
				PRODUCT_BUNDLE_IDENTIFIER = com.ea.RecipeApp;
				PRODUCT_NAME = "$(TARGET_NAME)";
				SWIFT_EMIT_LOC_STRINGS = YES;
				SWIFT_VERSION = 5.0;
				TARGETED_DEVICE_FAMILY = "1,2";
			};
			name = Release;
		};
		C386095027A08002006A98B6 /* Debug */ = {
			isa = XCBuildConfiguration;
			baseConfigurationReference = D5B136502AAE4B4DE9B06B9E /* Pods-RecipeAppTests.debug.xcconfig */;
			buildSettings = {
				ALWAYS_EMBED_SWIFT_STANDARD_LIBRARIES = YES;
				BUNDLE_LOADER = "$(TEST_HOST)";
				CODE_SIGN_STYLE = Automatic;
				CURRENT_PROJECT_VERSION = 1;
				DEVELOPMENT_TEAM = 5D4JY3DVDT;
				GENERATE_INFOPLIST_FILE = YES;
				IPHONEOS_DEPLOYMENT_TARGET = 15.2;
				MARKETING_VERSION = 1.0;
				PRODUCT_BUNDLE_IDENTIFIER = com.ea.RecipeAppTests;
				PRODUCT_NAME = "$(TARGET_NAME)";
				SWIFT_EMIT_LOC_STRINGS = NO;
				SWIFT_VERSION = 5.0;
				TARGETED_DEVICE_FAMILY = "1,2";
				TEST_HOST = "$(BUILT_PRODUCTS_DIR)/RecipeApp.app/RecipeApp";
			};
			name = Debug;
		};
		C386095127A08002006A98B6 /* Release */ = {
			isa = XCBuildConfiguration;
			baseConfigurationReference = 7C06022163A1F5DC63E107CC /* Pods-RecipeAppTests.release.xcconfig */;
			buildSettings = {
				ALWAYS_EMBED_SWIFT_STANDARD_LIBRARIES = YES;
				BUNDLE_LOADER = "$(TEST_HOST)";
				CODE_SIGN_STYLE = Automatic;
				CURRENT_PROJECT_VERSION = 1;
				DEVELOPMENT_TEAM = 5D4JY3DVDT;
				GENERATE_INFOPLIST_FILE = YES;
				IPHONEOS_DEPLOYMENT_TARGET = 15.2;
				MARKETING_VERSION = 1.0;
				PRODUCT_BUNDLE_IDENTIFIER = com.ea.RecipeAppTests;
				PRODUCT_NAME = "$(TARGET_NAME)";
				SWIFT_EMIT_LOC_STRINGS = NO;
				SWIFT_VERSION = 5.0;
				TARGETED_DEVICE_FAMILY = "1,2";
				TEST_HOST = "$(BUILT_PRODUCTS_DIR)/RecipeApp.app/RecipeApp";
			};
			name = Release;
		};
		C386095327A08002006A98B6 /* Debug */ = {
			isa = XCBuildConfiguration;
			baseConfigurationReference = 22C8EE822FC815ED1CB66B7D /* Pods-RecipeApp-RecipeAppUITests.debug.xcconfig */;
			buildSettings = {
				ALWAYS_EMBED_SWIFT_STANDARD_LIBRARIES = YES;
				CODE_SIGN_STYLE = Automatic;
				CURRENT_PROJECT_VERSION = 1;
				DEVELOPMENT_TEAM = 5D4JY3DVDT;
				GENERATE_INFOPLIST_FILE = YES;
				MARKETING_VERSION = 1.0;
				PRODUCT_BUNDLE_IDENTIFIER = com.ea.RecipeAppUITests;
				PRODUCT_NAME = "$(TARGET_NAME)";
				SWIFT_EMIT_LOC_STRINGS = NO;
				SWIFT_VERSION = 5.0;
				TARGETED_DEVICE_FAMILY = "1,2";
				TEST_TARGET_NAME = RecipeApp;
			};
			name = Debug;
		};
		C386095427A08002006A98B6 /* Release */ = {
			isa = XCBuildConfiguration;
			baseConfigurationReference = B8B5CED438EE9B879356187F /* Pods-RecipeApp-RecipeAppUITests.release.xcconfig */;
			buildSettings = {
				ALWAYS_EMBED_SWIFT_STANDARD_LIBRARIES = YES;
				CODE_SIGN_STYLE = Automatic;
				CURRENT_PROJECT_VERSION = 1;
				DEVELOPMENT_TEAM = 5D4JY3DVDT;
				GENERATE_INFOPLIST_FILE = YES;
				MARKETING_VERSION = 1.0;
				PRODUCT_BUNDLE_IDENTIFIER = com.ea.RecipeAppUITests;
				PRODUCT_NAME = "$(TARGET_NAME)";
				SWIFT_EMIT_LOC_STRINGS = NO;
				SWIFT_VERSION = 5.0;
				TARGETED_DEVICE_FAMILY = "1,2";
				TEST_TARGET_NAME = RecipeApp;
			};
			name = Release;
		};
/* End XCBuildConfiguration section */

/* Begin XCConfigurationList section */
		C386091D27A08000006A98B6 /* Build configuration list for PBXProject "RecipeApp" */ = {
			isa = XCConfigurationList;
			buildConfigurations = (
				C386094A27A08002006A98B6 /* Debug */,
				C386094B27A08002006A98B6 /* Release */,
			);
			defaultConfigurationIsVisible = 0;
			defaultConfigurationName = Release;
		};
		C386094C27A08002006A98B6 /* Build configuration list for PBXNativeTarget "RecipeApp" */ = {
			isa = XCConfigurationList;
			buildConfigurations = (
				C386094D27A08002006A98B6 /* Debug */,
				C386094E27A08002006A98B6 /* Release */,
			);
			defaultConfigurationIsVisible = 0;
			defaultConfigurationName = Release;
		};
		C386094F27A08002006A98B6 /* Build configuration list for PBXNativeTarget "RecipeAppTests" */ = {
			isa = XCConfigurationList;
			buildConfigurations = (
				C386095027A08002006A98B6 /* Debug */,
				C386095127A08002006A98B6 /* Release */,
			);
			defaultConfigurationIsVisible = 0;
			defaultConfigurationName = Release;
		};
		C386095227A08002006A98B6 /* Build configuration list for PBXNativeTarget "RecipeAppUITests" */ = {
			isa = XCConfigurationList;
			buildConfigurations = (
				C386095327A08002006A98B6 /* Debug */,
				C386095427A08002006A98B6 /* Release */,
			);
			defaultConfigurationIsVisible = 0;
			defaultConfigurationName = Release;
		};
/* End XCConfigurationList section */
	};
	rootObject = C386091A27A08000006A98B6 /* Project object */;
}
